// !$*UTF8*$!
{
	archiveVersion = 1;
	classes = {
	};
	objectVersion = 50;
	objects = {

/* Begin PBXBuildFile section */
		F403FE51239842F6008F1ECA /* FactoryViewController.swift in Sources */ = {isa = PBXBuildFile; fileRef = F403FE50239842F6008F1ECA /* FactoryViewController.swift */; };
		F403FE55239844FB008F1ECA /* AddReportViewController.swift in Sources */ = {isa = PBXBuildFile; fileRef = F403FE54239844FB008F1ECA /* AddReportViewController.swift */; };
		F403FE5723984ED6008F1ECA /* Constants.swift in Sources */ = {isa = PBXBuildFile; fileRef = F403FE5623984ED6008F1ECA /* Constants.swift */; };
		F403FE5923985188008F1ECA /* Loadable.swift in Sources */ = {isa = PBXBuildFile; fileRef = F403FE5823985188008F1ECA /* Loadable.swift */; };
		F403FE5B23985525008F1ECA /* Restorable.swift in Sources */ = {isa = PBXBuildFile; fileRef = F403FE5A23985525008F1ECA /* Restorable.swift */; };
		F423E0CD239ADB7900D23E98 /* NSUserActivityEncoder.swift in Sources */ = {isa = PBXBuildFile; fileRef = F423E0CC239ADB7900D23E98 /* NSUserActivityEncoder.swift */; };
		F424C8802396E06500B2E925 /* AppDelegate.swift in Sources */ = {isa = PBXBuildFile; fileRef = F424C87F2396E06500B2E925 /* AppDelegate.swift */; };
		F424C8822396E06500B2E925 /* SceneDelegate.swift in Sources */ = {isa = PBXBuildFile; fileRef = F424C8812396E06500B2E925 /* SceneDelegate.swift */; };
		F424C8842396E06500B2E925 /* MainViewController.swift in Sources */ = {isa = PBXBuildFile; fileRef = F424C8832396E06500B2E925 /* MainViewController.swift */; };
		F424C8872396E06500B2E925 /* Main.storyboard in Resources */ = {isa = PBXBuildFile; fileRef = F424C8852396E06500B2E925 /* Main.storyboard */; };
		F424C8892396E06600B2E925 /* Assets.xcassets in Resources */ = {isa = PBXBuildFile; fileRef = F424C8882396E06600B2E925 /* Assets.xcassets */; };
		F424C88C2396E06600B2E925 /* LaunchScreen.storyboard in Resources */ = {isa = PBXBuildFile; fileRef = F424C88A2396E06600B2E925 /* LaunchScreen.storyboard */; };
		F424C8952396E8B300B2E925 /* ReportViewController.swift in Sources */ = {isa = PBXBuildFile; fileRef = F424C8942396E8B300B2E925 /* ReportViewController.swift */; };
		F424C8982396ECF500B2E925 /* Report.swift in Sources */ = {isa = PBXBuildFile; fileRef = F424C8972396ECF500B2E925 /* Report.swift */; };
		F424C89B2396EF3B00B2E925 /* ReportDetailViewController.swift in Sources */ = {isa = PBXBuildFile; fileRef = F424C89A2396EF3B00B2E925 /* ReportDetailViewController.swift */; };
		F42F4796239AC8D70008C68F /* BaseViewController.swift in Sources */ = {isa = PBXBuildFile; fileRef = F42F4795239AC8D70008C68F /* BaseViewController.swift */; };
		F42F4798239AC8E60008C68F /* RestorableBaseViewController.swift in Sources */ = {isa = PBXBuildFile; fileRef = F42F4797239AC8E60008C68F /* RestorableBaseViewController.swift */; };
/* End PBXBuildFile section */

/* Begin PBXFileReference section */
		F403FE50239842F6008F1ECA /* FactoryViewController.swift */ = {isa = PBXFileReference; lastKnownFileType = sourcecode.swift; path = FactoryViewController.swift; sourceTree = "<group>"; };
		F403FE54239844FB008F1ECA /* AddReportViewController.swift */ = {isa = PBXFileReference; lastKnownFileType = sourcecode.swift; path = AddReportViewController.swift; sourceTree = "<group>"; };
		F403FE5623984ED6008F1ECA /* Constants.swift */ = {isa = PBXFileReference; lastKnownFileType = sourcecode.swift; path = Constants.swift; sourceTree = "<group>"; };
		F403FE5823985188008F1ECA /* Loadable.swift */ = {isa = PBXFileReference; lastKnownFileType = sourcecode.swift; path = Loadable.swift; sourceTree = "<group>"; };
		F403FE5A23985525008F1ECA /* Restorable.swift */ = {isa = PBXFileReference; lastKnownFileType = sourcecode.swift; path = Restorable.swift; sourceTree = "<group>"; };
		F423E0CC239ADB7900D23E98 /* NSUserActivityEncoder.swift */ = {isa = PBXFileReference; lastKnownFileType = sourcecode.swift; path = NSUserActivityEncoder.swift; sourceTree = "<group>"; };
		F424C87C2396E06500B2E925 /* AppRestoration.app */ = {isa = PBXFileReference; explicitFileType = wrapper.application; includeInIndex = 0; path = AppRestoration.app; sourceTree = BUILT_PRODUCTS_DIR; };
		F424C87F2396E06500B2E925 /* AppDelegate.swift */ = {isa = PBXFileReference; lastKnownFileType = sourcecode.swift; path = AppDelegate.swift; sourceTree = "<group>"; };
		F424C8812396E06500B2E925 /* SceneDelegate.swift */ = {isa = PBXFileReference; lastKnownFileType = sourcecode.swift; path = SceneDelegate.swift; sourceTree = "<group>"; };
		F424C8832396E06500B2E925 /* MainViewController.swift */ = {isa = PBXFileReference; lastKnownFileType = sourcecode.swift; path = MainViewController.swift; sourceTree = "<group>"; };
		F424C8862396E06500B2E925 /* Base */ = {isa = PBXFileReference; lastKnownFileType = file.storyboard; name = Base; path = Base.lproj/Main.storyboard; sourceTree = "<group>"; };
		F424C8882396E06600B2E925 /* Assets.xcassets */ = {isa = PBXFileReference; lastKnownFileType = folder.assetcatalog; path = Assets.xcassets; sourceTree = "<group>"; };
		F424C88B2396E06600B2E925 /* Base */ = {isa = PBXFileReference; lastKnownFileType = file.storyboard; name = Base; path = Base.lproj/LaunchScreen.storyboard; sourceTree = "<group>"; };
		F424C88D2396E06600B2E925 /* Info.plist */ = {isa = PBXFileReference; lastKnownFileType = text.plist.xml; path = Info.plist; sourceTree = "<group>"; };
		F424C8942396E8B300B2E925 /* ReportViewController.swift */ = {isa = PBXFileReference; lastKnownFileType = sourcecode.swift; path = ReportViewController.swift; sourceTree = "<group>"; };
		F424C8972396ECF500B2E925 /* Report.swift */ = {isa = PBXFileReference; lastKnownFileType = sourcecode.swift; path = Report.swift; sourceTree = "<group>"; };
		F424C89A2396EF3B00B2E925 /* ReportDetailViewController.swift */ = {isa = PBXFileReference; lastKnownFileType = sourcecode.swift; path = ReportDetailViewController.swift; sourceTree = "<group>"; };
		F42F4795239AC8D70008C68F /* BaseViewController.swift */ = {isa = PBXFileReference; lastKnownFileType = sourcecode.swift; path = BaseViewController.swift; sourceTree = "<group>"; };
		F42F4797239AC8E60008C68F /* RestorableBaseViewController.swift */ = {isa = PBXFileReference; lastKnownFileType = sourcecode.swift; path = RestorableBaseViewController.swift; sourceTree = "<group>"; };
/* End PBXFileReference section */

/* Begin PBXFrameworksBuildPhase section */
		F424C8792396E06500B2E925 /* Frameworks */ = {
			isa = PBXFrameworksBuildPhase;
			buildActionMask = 2147483647;
			files = (
			);
			runOnlyForDeploymentPostprocessing = 0;
		};
/* End PBXFrameworksBuildPhase section */

/* Begin PBXGroup section */
		F403FE4F239842E0008F1ECA /* Common */ = {
			isa = PBXGroup;
			children = (
				F403FE50239842F6008F1ECA /* FactoryViewController.swift */,
				F403FE5623984ED6008F1ECA /* Constants.swift */,
				F423E0CC239ADB7900D23E98 /* NSUserActivityEncoder.swift */,
			);
			path = Common;
			sourceTree = "<group>";
		};
		F424C8732396E06500B2E925 = {
			isa = PBXGroup;
			children = (
				F424C87E2396E06500B2E925 /* AppRestoration */,
				F424C87D2396E06500B2E925 /* Products */,
			);
			sourceTree = "<group>";
		};
		F424C87D2396E06500B2E925 /* Products */ = {
			isa = PBXGroup;
			children = (
				F424C87C2396E06500B2E925 /* AppRestoration.app */,
			);
			name = Products;
			sourceTree = "<group>";
		};
		F424C87E2396E06500B2E925 /* AppRestoration */ = {
			isa = PBXGroup;
			children = (
				F403FE5A23985525008F1ECA /* Restorable.swift */,
				F403FE5823985188008F1ECA /* Loadable.swift */,
				F403FE4F239842E0008F1ECA /* Common */,
				F424C8962396ECE600B2E925 /* Model */,
				F424C8932396E88900B2E925 /* Controller */,
				F424C87F2396E06500B2E925 /* AppDelegate.swift */,
				F424C8812396E06500B2E925 /* SceneDelegate.swift */,
				F424C8852396E06500B2E925 /* Main.storyboard */,
				F424C8882396E06600B2E925 /* Assets.xcassets */,
				F424C88A2396E06600B2E925 /* LaunchScreen.storyboard */,
				F424C88D2396E06600B2E925 /* Info.plist */,
			);
			path = AppRestoration;
			sourceTree = "<group>";
		};
		F424C8932396E88900B2E925 /* Controller */ = {
			isa = PBXGroup;
			children = (
				F42F4794239AC8CA0008C68F /* Base */,
				F424C8942396E8B300B2E925 /* ReportViewController.swift */,
				F424C8832396E06500B2E925 /* MainViewController.swift */,
				F424C89A2396EF3B00B2E925 /* ReportDetailViewController.swift */,
				F403FE54239844FB008F1ECA /* AddReportViewController.swift */,
			);
			path = Controller;
			sourceTree = "<group>";
		};
		F424C8962396ECE600B2E925 /* Model */ = {
			isa = PBXGroup;
			children = (
				F424C8972396ECF500B2E925 /* Report.swift */,
			);
			path = Model;
			sourceTree = "<group>";
		};
		F42F4794239AC8CA0008C68F /* Base */ = {
			isa = PBXGroup;
			children = (
				F42F4795239AC8D70008C68F /* BaseViewController.swift */,
				F42F4797239AC8E60008C68F /* RestorableBaseViewController.swift */,
			);
			path = Base;
			sourceTree = "<group>";
		};
/* End PBXGroup section */

/* Begin PBXNativeTarget section */
		F424C87B2396E06500B2E925 /* AppRestoration */ = {
			isa = PBXNativeTarget;
			buildConfigurationList = F424C8902396E06600B2E925 /* Build configuration list for PBXNativeTarget "AppRestoration" */;
			buildPhases = (
				F424C8782396E06500B2E925 /* Sources */,
				F424C8792396E06500B2E925 /* Frameworks */,
				F424C87A2396E06500B2E925 /* Resources */,
			);
			buildRules = (
			);
			dependencies = (
			);
			name = AppRestoration;
			productName = AppRestoration;
			productReference = F424C87C2396E06500B2E925 /* AppRestoration.app */;
			productType = "com.apple.product-type.application";
		};
/* End PBXNativeTarget section */

/* Begin PBXProject section */
		F424C8742396E06500B2E925 /* Project object */ = {
			isa = PBXProject;
			attributes = {
				LastSwiftUpdateCheck = 1100;
				LastUpgradeCheck = 1100;
				ORGANIZATIONNAME = "Julio Collado";
				TargetAttributes = {
					F424C87B2396E06500B2E925 = {
						CreatedOnToolsVersion = 11.0;
					};
				};
			};
			buildConfigurationList = F424C8772396E06500B2E925 /* Build configuration list for PBXProject "AppRestoration" */;
			compatibilityVersion = "Xcode 9.3";
			developmentRegion = en;
			hasScannedForEncodings = 0;
			knownRegions = (
				en,
				Base,
			);
			mainGroup = F424C8732396E06500B2E925;
			productRefGroup = F424C87D2396E06500B2E925 /* Products */;
			projectDirPath = "";
			projectRoot = "";
			targets = (
				F424C87B2396E06500B2E925 /* AppRestoration */,
			);
		};
/* End PBXProject section */

/* Begin PBXResourcesBuildPhase section */
		F424C87A2396E06500B2E925 /* Resources */ = {
			isa = PBXResourcesBuildPhase;
			buildActionMask = 2147483647;
			files = (
				F424C88C2396E06600B2E925 /* LaunchScreen.storyboard in Resources */,
				F424C8892396E06600B2E925 /* Assets.xcassets in Resources */,
				F424C8872396E06500B2E925 /* Main.storyboard in Resources */,
			);
			runOnlyForDeploymentPostprocessing = 0;
		};
/* End PBXResourcesBuildPhase section */

/* Begin PBXSourcesBuildPhase section */
		F424C8782396E06500B2E925 /* Sources */ = {
			isa = PBXSourcesBuildPhase;
			buildActionMask = 2147483647;
			files = (
				F424C89B2396EF3B00B2E925 /* ReportDetailViewController.swift in Sources */,
				F424C8952396E8B300B2E925 /* ReportViewController.swift in Sources */,
				F424C8982396ECF500B2E925 /* Report.swift in Sources */,
				F403FE51239842F6008F1ECA /* FactoryViewController.swift in Sources */,
				F424C8842396E06500B2E925 /* MainViewController.swift in Sources */,
				F423E0CD239ADB7900D23E98 /* NSUserActivityEncoder.swift in Sources */,
				F42F4796239AC8D70008C68F /* BaseViewController.swift in Sources */,
				F403FE5B23985525008F1ECA /* Restorable.swift in Sources */,
				F403FE5723984ED6008F1ECA /* Constants.swift in Sources */,
				F42F4798239AC8E60008C68F /* RestorableBaseViewController.swift in Sources */,
				F403FE55239844FB008F1ECA /* AddReportViewController.swift in Sources */,
				F424C8802396E06500B2E925 /* AppDelegate.swift in Sources */,
				F424C8822396E06500B2E925 /* SceneDelegate.swift in Sources */,
				F403FE5923985188008F1ECA /* Loadable.swift in Sources */,
			);
			runOnlyForDeploymentPostprocessing = 0;
		};
/* End PBXSourcesBuildPhase section */

/* Begin PBXVariantGroup section */
		F424C8852396E06500B2E925 /* Main.storyboard */ = {
			isa = PBXVariantGroup;
			children = (
				F424C8862396E06500B2E925 /* Base */,
			);
			name = Main.storyboard;
			sourceTree = "<group>";
		};
		F424C88A2396E06600B2E925 /* LaunchScreen.storyboard */ = {
			isa = PBXVariantGroup;
			children = (
				F424C88B2396E06600B2E925 /* Base */,
			);
			name = LaunchScreen.storyboard;
			sourceTree = "<group>";
		};
/* End PBXVariantGroup section */

/* Begin XCBuildConfiguration section */
		F424C88E2396E06600B2E925 /* Debug */ = {
			isa = XCBuildConfiguration;
			buildSettings = {
				ALWAYS_SEARCH_USER_PATHS = NO;
				CLANG_ANALYZER_NONNULL = YES;
				CLANG_ANALYZER_NUMBER_OBJECT_CONVERSION = YES_AGGRESSIVE;
				CLANG_CXX_LANGUAGE_STANDARD = "gnu++14";
				CLANG_CXX_LIBRARY = "libc++";
				CLANG_ENABLE_MODULES = YES;
				CLANG_ENABLE_OBJC_ARC = YES;
				CLANG_ENABLE_OBJC_WEAK = YES;
				CLANG_WARN_BLOCK_CAPTURE_AUTORELEASING = YES;
				CLANG_WARN_BOOL_CONVERSION = YES;
				CLANG_WARN_COMMA = YES;
				CLANG_WARN_CONSTANT_CONVERSION = YES;
				CLANG_WARN_DEPRECATED_OBJC_IMPLEMENTATIONS = YES;
				CLANG_WARN_DIRECT_OBJC_ISA_USAGE = YES_ERROR;
				CLANG_WARN_DOCUMENTATION_COMMENTS = YES;
				CLANG_WARN_EMPTY_BODY = YES;
				CLANG_WARN_ENUM_CONVERSION = YES;
				CLANG_WARN_INFINITE_RECURSION = YES;
				CLANG_WARN_INT_CONVERSION = YES;
				CLANG_WARN_NON_LITERAL_NULL_CONVERSION = YES;
				CLANG_WARN_OBJC_IMPLICIT_RETAIN_SELF = YES;
				CLANG_WARN_OBJC_LITERAL_CONVERSION = YES;
				CLANG_WARN_OBJC_ROOT_CLASS = YES_ERROR;
				CLANG_WARN_RANGE_LOOP_ANALYSIS = YES;
				CLANG_WARN_STRICT_PROTOTYPES = YES;
				CLANG_WARN_SUSPICIOUS_MOVE = YES;
				CLANG_WARN_UNGUARDED_AVAILABILITY = YES_AGGRESSIVE;
				CLANG_WARN_UNREACHABLE_CODE = YES;
				CLANG_WARN__DUPLICATE_METHOD_MATCH = YES;
				COPY_PHASE_STRIP = NO;
				DEBUG_INFORMATION_FORMAT = dwarf;
				ENABLE_STRICT_OBJC_MSGSEND = YES;
				ENABLE_TESTABILITY = YES;
				GCC_C_LANGUAGE_STANDARD = gnu11;
				GCC_DYNAMIC_NO_PIC = NO;
				GCC_NO_COMMON_BLOCKS = YES;
				GCC_OPTIMIZATION_LEVEL = 0;
				GCC_PREPROCESSOR_DEFINITIONS = (
					"DEBUG=1",
					"$(inherited)",
				);
				GCC_WARN_64_TO_32_BIT_CONVERSION = YES;
				GCC_WARN_ABOUT_RETURN_TYPE = YES_ERROR;
				GCC_WARN_UNDECLARED_SELECTOR = YES;
				GCC_WARN_UNINITIALIZED_AUTOS = YES_AGGRESSIVE;
				GCC_WARN_UNUSED_FUNCTION = YES;
				GCC_WARN_UNUSED_VARIABLE = YES;
				IPHONEOS_DEPLOYMENT_TARGET = 11.0;
				MTL_ENABLE_DEBUG_INFO = INCLUDE_SOURCE;
				MTL_FAST_MATH = YES;
				ONLY_ACTIVE_ARCH = YES;
				SDKROOT = iphoneos;
				SWIFT_ACTIVE_COMPILATION_CONDITIONS = DEBUG;
				SWIFT_OPTIMIZATION_LEVEL = "-Onone";
			};
			name = Debug;
		};
		F424C88F2396E06600B2E925 /* Release */ = {
			isa = XCBuildConfiguration;
			buildSettings = {
				ALWAYS_SEARCH_USER_PATHS = NO;
				CLANG_ANALYZER_NONNULL = YES;
				CLANG_ANALYZER_NUMBER_OBJECT_CONVERSION = YES_AGGRESSIVE;
				CLANG_CXX_LANGUAGE_STANDARD = "gnu++14";
				CLANG_CXX_LIBRARY = "libc++";
				CLANG_ENABLE_MODULES = YES;
				CLANG_ENABLE_OBJC_ARC = YES;
				CLANG_ENABLE_OBJC_WEAK = YES;
				CLANG_WARN_BLOCK_CAPTURE_AUTORELEASING = YES;
				CLANG_WARN_BOOL_CONVERSION = YES;
				CLANG_WARN_COMMA = YES;
				CLANG_WARN_CONSTANT_CONVERSION = YES;
				CLANG_WARN_DEPRECATED_OBJC_IMPLEMENTATIONS = YES;
				CLANG_WARN_DIRECT_OBJC_ISA_USAGE = YES_ERROR;
				CLANG_WARN_DOCUMENTATION_COMMENTS = YES;
				CLANG_WARN_EMPTY_BODY = YES;
				CLANG_WARN_ENUM_CONVERSION = YES;
				CLANG_WARN_INFINITE_RECURSION = YES;
				CLANG_WARN_INT_CONVERSION = YES;
				CLANG_WARN_NON_LITERAL_NULL_CONVERSION = YES;
				CLANG_WARN_OBJC_IMPLICIT_RETAIN_SELF = YES;
				CLANG_WARN_OBJC_LITERAL_CONVERSION = YES;
				CLANG_WARN_OBJC_ROOT_CLASS = YES_ERROR;
				CLANG_WARN_RANGE_LOOP_ANALYSIS = YES;
				CLANG_WARN_STRICT_PROTOTYPES = YES;
				CLANG_WARN_SUSPICIOUS_MOVE = YES;
				CLANG_WARN_UNGUARDED_AVAILABILITY = YES_AGGRESSIVE;
				CLANG_WARN_UNREACHABLE_CODE = YES;
				CLANG_WARN__DUPLICATE_METHOD_MATCH = YES;
				COPY_PHASE_STRIP = NO;
				DEBUG_INFORMATION_FORMAT = "dwarf-with-dsym";
				ENABLE_NS_ASSERTIONS = NO;
				ENABLE_STRICT_OBJC_MSGSEND = YES;
				GCC_C_LANGUAGE_STANDARD = gnu11;
				GCC_NO_COMMON_BLOCKS = YES;
				GCC_WARN_64_TO_32_BIT_CONVERSION = YES;
				GCC_WARN_ABOUT_RETURN_TYPE = YES_ERROR;
				GCC_WARN_UNDECLARED_SELECTOR = YES;
				GCC_WARN_UNINITIALIZED_AUTOS = YES_AGGRESSIVE;
				GCC_WARN_UNUSED_FUNCTION = YES;
				GCC_WARN_UNUSED_VARIABLE = YES;
				IPHONEOS_DEPLOYMENT_TARGET = 11.0;
				MTL_ENABLE_DEBUG_INFO = NO;
				MTL_FAST_MATH = YES;
				SDKROOT = iphoneos;
				SWIFT_COMPILATION_MODE = wholemodule;
				SWIFT_OPTIMIZATION_LEVEL = "-O";
				VALIDATE_PRODUCT = YES;
			};
			name = Release;
		};
		F424C8912396E06600B2E925 /* Debug */ = {
			isa = XCBuildConfiguration;
			buildSettings = {
				ASSETCATALOG_COMPILER_APPICON_NAME = AppIcon;
				CODE_SIGN_STYLE = Automatic;
				DEVELOPMENT_TEAM = ACA42AA29E;
				INFOPLIST_FILE = AppRestoration/Info.plist;
				IPHONEOS_DEPLOYMENT_TARGET = 11.0;
				LD_RUNPATH_SEARCH_PATHS = (
					"$(inherited)",
					"@executable_path/Frameworks",
				);
				PRODUCT_BUNDLE_IDENTIFIER = com.jcollado.AppRestoration;
				PRODUCT_NAME = "$(TARGET_NAME)";
				SWIFT_VERSION = 5.0;
				TARGETED_DEVICE_FAMILY = 1;
			};
			name = Debug;
		};
		F424C8922396E06600B2E925 /* Release */ = {
			isa = XCBuildConfiguration;
			buildSettings = {
				ASSETCATALOG_COMPILER_APPICON_NAME = AppIcon;
				CODE_SIGN_STYLE = Automatic;
				DEVELOPMENT_TEAM = ACA42AA29E;
				INFOPLIST_FILE = AppRestoration/Info.plist;
				IPHONEOS_DEPLOYMENT_TARGET = 11.0;
				LD_RUNPATH_SEARCH_PATHS = (
					"$(inherited)",
					"@executable_path/Frameworks",
				);
				PRODUCT_BUNDLE_IDENTIFIER = com.jcollado.AppRestoration;
				PRODUCT_NAME = "$(TARGET_NAME)";
				SWIFT_VERSION = 5.0;
				TARGETED_DEVICE_FAMILY = 1;
			};
			name = Release;
		};
/* End XCBuildConfiguration section */

/* Begin XCConfigurationList section */
		F424C8772396E06500B2E925 /* Build configuration list for PBXProject "AppRestoration" */ = {
			isa = XCConfigurationList;
			buildConfigurations = (
				F424C88E2396E06600B2E925 /* Debug */,
				F424C88F2396E06600B2E925 /* Release */,
			);
			defaultConfigurationIsVisible = 0;
			defaultConfigurationName = Release;
		};
		F424C8902396E06600B2E925 /* Build configuration list for PBXNativeTarget "AppRestoration" */ = {
			isa = XCConfigurationList;
			buildConfigurations = (
				F424C8912396E06600B2E925 /* Debug */,
				F424C8922396E06600B2E925 /* Release */,
			);
			defaultConfigurationIsVisible = 0;
			defaultConfigurationName = Release;
		};
/* End XCConfigurationList section */
	};
	rootObject = F424C8742396E06500B2E925 /* Project object */;
}
